
Microsoft Visual Studio Solution File, Format Version 12.00
# Visual Studio Version 17
VisualStudioVersion = 17.4.33122.133
MinimumVisualStudioVersion = 10.0.40219.1
Project("{FAE04EC0-301F-11D3-BF4B-00C04F79EFBC}") = "GameLendXchange", "GameLendXchange\GameLendXchange.csproj", "{874E996A-E4D3-436F-AB67-A610F1DA4C8A}"
EndProject
Global
	GlobalSection(SolutionConfigurationPlatforms) = preSolution
		Debug|Any CPU = Debug|Any CPU
		Release|Any CPU = Release|Any CPU
	EndGlobalSection
	GlobalSection(ProjectConfigurationPlatforms) = postSolution
		{874E996A-E4D3-436F-AB67-A610F1DA4C8A}.Debug|Any CPU.ActiveCfg = Debug|Any CPU
		{874E996A-E4D3-436F-AB67-A610F1DA4C8A}.Debug|Any CPU.Build.0 = Debug|Any CPU
		{874E996A-E4D3-436F-AB67-A610F1DA4C8A}.Release|Any CPU.ActiveCfg = Release|Any CPU
		{874E996A-E4D3-436F-AB67-A610F1DA4C8A}.Release|Any CPU.Build.0 = Release|Any CPU
	EndGlobalSection
	GlobalSection(SolutionProperties) = preSolution
		HideSolutionNode = FALSE
	EndGlobalSection
	GlobalSection(ExtensibilityGlobals) = postSolution
		SolutionGuid = {51F0D33F-F2BC-4661-A542-DA4BF0139917}
	EndGlobalSection
EndGlobal
